
Microsoft Visual Studio Solution File, Format Version 12.00
# Visual Studio Version 17
VisualStudioVersion = 17.0.31912.275
MinimumVisualStudioVersion = 10.0.40219.1
Project("{FAE04EC0-301F-11D3-BF4B-00C04F79EFBC}") = "PRINT", "PRINT.csproj", "{D06D882C-6106-4D86-B82C-E0913194FA01}"
EndProject
Global
	GlobalSection(SolutionConfigurationPlatforms) = preSolution
		Debug|Any CPU = Debug|Any CPU
		Release|Any CPU = Release|Any CPU
	EndGlobalSection
	GlobalSection(ProjectConfigurationPlatforms) = postSolution
		{D06D882C-6106-4D86-B82C-E0913194FA01}.Debug|Any CPU.ActiveCfg = Debug|Any CPU
		{D06D882C-6106-4D86-B82C-E0913194FA01}.Debug|Any CPU.Build.0 = Debug|Any CPU
		{D06D882C-6106-4D86-B82C-E0913194FA01}.Release|Any CPU.ActiveCfg = Release|Any CPU
		{D06D882C-6106-4D86-B82C-E0913194FA01}.Release|Any CPU.Build.0 = Release|Any CPU
	EndGlobalSection
	GlobalSection(SolutionProperties) = preSolution
		HideSolutionNode = FALSE
	EndGlobalSection
	GlobalSection(ExtensibilityGlobals) = postSolution
		SolutionGuid = {0468E9B4-13BC-4FB0-8F93-7CBC385D7C23}
	EndGlobalSection
EndGlobal
